
Microsoft Visual Studio Solution File, Format Version 12.00
# Visual Studio Version 17
VisualStudioVersion = 17.4.33213.308
MinimumVisualStudioVersion = 10.0.40219.1
Project("{9A19103F-16F7-4668-BE54-9A1E7A4F7556}") = "CompaniesAPP", "CompaniesAPP\CompaniesAPP.csproj", "{ABE9B0EB-DB4C-4ADF-A30C-C1BDFB990E22}"
EndProject
Project("{2150E333-8FDC-42A3-9474-1A3956D46DE8}") = "Solution Items", "Solution Items", "{47996CFD-D64B-487A-8E01-3DE3AF7947A9}"
	ProjectSection(SolutionItems) = preProject
		.editorconfig = .editorconfig
	EndProjectSection
EndProject
Global
	GlobalSection(SolutionConfigurationPlatforms) = preSolution
		Debug|Any CPU = Debug|Any CPU
		Release|Any CPU = Release|Any CPU
	EndGlobalSection
	GlobalSection(ProjectConfigurationPlatforms) = postSolution
		{ABE9B0EB-DB4C-4ADF-A30C-C1BDFB990E22}.Debug|Any CPU.ActiveCfg = Debug|Any CPU
		{ABE9B0EB-DB4C-4ADF-A30C-C1BDFB990E22}.Debug|Any CPU.Build.0 = Debug|Any CPU
		{ABE9B0EB-DB4C-4ADF-A30C-C1BDFB990E22}.Release|Any CPU.ActiveCfg = Release|Any CPU
		{ABE9B0EB-DB4C-4ADF-A30C-C1BDFB990E22}.Release|Any CPU.Build.0 = Release|Any CPU
	EndGlobalSection
	GlobalSection(SolutionProperties) = preSolution
		HideSolutionNode = FALSE
	EndGlobalSection
	GlobalSection(ExtensibilityGlobals) = postSolution
		SolutionGuid = {D1847945-FF80-4601-9EA9-964B31ECF481}
	EndGlobalSection
EndGlobal
